
Microsoft Visual Studio Solution File, Format Version 12.00
# Visual Studio 15
Project("{FAE04EC0-301F-11D3-BF4B-00C04F79EFBC}") = "aspnetcorebackend", "aspnetcorebackend\aspnetcorebackend.csproj", "{18D7653D-1129-4267-96AB-B5855BE475F1}"
EndProject
Global
	GlobalSection(SolutionConfigurationPlatforms) = preSolution
		Debug|Any CPU = Debug|Any CPU
		Release|Any CPU = Release|Any CPU
	EndGlobalSection
	GlobalSection(ProjectConfigurationPlatforms) = postSolution
		{18D7653D-1129-4267-96AB-B5855BE475F1}.Debug|Any CPU.ActiveCfg = Debug|Any CPU
		{18D7653D-1129-4267-96AB-B5855BE475F1}.Debug|Any CPU.Build.0 = Debug|Any CPU
		{18D7653D-1129-4267-96AB-B5855BE475F1}.Release|Any CPU.ActiveCfg = Release|Any CPU
		{18D7653D-1129-4267-96AB-B5855BE475F1}.Release|Any CPU.Build.0 = Release|Any CPU
	EndGlobalSection
EndGlobal
